
Microsoft Visual Studio Solution File, Format Version 12.00
# Visual Studio Version 17
VisualStudioVersion = 17.0.32014.148
MinimumVisualStudioVersion = 10.0.40219.1
Project("{FAE04EC0-301F-11D3-BF4B-00C04F79EFBC}") = "Querays", "Querays.csproj", "{87049B25-0869-4216-8685-80F6511CE34B}"
EndProject
Global
	GlobalSection(SolutionConfigurationPlatforms) = preSolution
		Debug|Any CPU = Debug|Any CPU
		Release|Any CPU = Release|Any CPU
	EndGlobalSection
	GlobalSection(ProjectConfigurationPlatforms) = postSolution
		{87049B25-0869-4216-8685-80F6511CE34B}.Debug|Any CPU.ActiveCfg = Debug|Any CPU
		{87049B25-0869-4216-8685-80F6511CE34B}.Debug|Any CPU.Build.0 = Debug|Any CPU
		{87049B25-0869-4216-8685-80F6511CE34B}.Release|Any CPU.ActiveCfg = Release|Any CPU
		{87049B25-0869-4216-8685-80F6511CE34B}.Release|Any CPU.Build.0 = Release|Any CPU
	EndGlobalSection
	GlobalSection(SolutionProperties) = preSolution
		HideSolutionNode = FALSE
	EndGlobalSection
	GlobalSection(ExtensibilityGlobals) = postSolution
		SolutionGuid = {45901DF9-C526-4A34-912C-176CAE935315}
	EndGlobalSection
EndGlobal
